{
  "name": "x402-surface-check",
  "version": "0.1.0",
  "lockfileVersion": 3,
  "requires": true,
  "packages": {
    "": {
      "name": "x402-surface-check",
      "version": "0.1.0",
      "license": "MIT",
      "bin": {
        "x402-surface-check": "bin/x402-surface-check.mjs"
      },
      "engines": {
        "node": ">=20"
      }
    }
  }
}
